Microsoft Visual Studio Solution File, Format Version 12.00
# Visual Studio Version 17
VisualStudioVersion = 17.8.34525.116
MinimumVisualStudioVersion = 10.0.40219.1
Project("{FAE04EC0-301F-11D3-BF4B-00C04F79EFBC}") = "proverb-painter.Server", "proverb-painter.Server\proverb-painter.Server.csproj", "{D9966FAA-8A6A-41BC-B621-608CB266B73A}"
EndProject
Project("{54A90642-561A-4BB1-A94E-469ADEE60C69}") = "proverb-painter.client", "proverb-painter.client\proverb-painter.client.esproj", "{F7F84418-2466-43BF-B172-14FA522707E1}"
EndProject
Global
	GlobalSection(SolutionConfigurationPlatforms) = preSolution
		Debug|Any CPU = Debug|Any CPU
		Release|Any CPU = Release|Any CPU
	EndGlobalSection
	GlobalSection(ProjectConfigurationPlatforms) = postSolution
		{D9966FAA-8A6A-41BC-B621-608CB266B73A}.Debug|Any CPU.ActiveCfg = Debug|Any CPU
		{D9966FAA-8A6A-41BC-B621-608CB266B73A}.Debug|Any CPU.Build.0 = Debug|Any CPU
		{D9966FAA-8A6A-41BC-B621-608CB266B73A}.Release|Any CPU.ActiveCfg = Release|Any CPU
		{D9966FAA-8A6A-41BC-B621-608CB266B73A}.Release|Any CPU.Build.0 = Release|Any CPU
		{F7F84418-2466-43BF-B172-14FA522707E1}.Debug|Any CPU.ActiveCfg = Debug|Any CPU
		{F7F84418-2466-43BF-B172-14FA522707E1}.Debug|Any CPU.Build.0 = Debug|Any CPU
		{F7F84418-2466-43BF-B172-14FA522707E1}.Debug|Any CPU.Deploy.0 = Debug|Any CPU
		{F7F84418-2466-43BF-B172-14FA522707E1}.Release|Any CPU.ActiveCfg = Release|Any CPU
		{F7F84418-2466-43BF-B172-14FA522707E1}.Release|Any CPU.Build.0 = Release|Any CPU
		{F7F84418-2466-43BF-B172-14FA522707E1}.Release|Any CPU.Deploy.0 = Release|Any CPU
	EndGlobalSection
	GlobalSection(SolutionProperties) = preSolution
		HideSolutionNode = FALSE
	EndGlobalSection
	GlobalSection(ExtensibilityGlobals) = postSolution
		SolutionGuid = {8608F56D-D262-44F4-AB9B-42DB793D1401}
	EndGlobalSection
EndGlobal
