
Microsoft Visual Studio Solution File, Format Version 12.00
# Visual Studio Version 17
VisualStudioVersion = 17.8.34525.116
MinimumVisualStudioVersion = 10.0.40219.1
Project("{FAE04EC0-301F-11D3-BF4B-00C04F79EFBC}") = "ProverbPainter", "ProverbPainter.csproj", "{1E43E39E-1519-4666-B413-C0C7D258B173}"
EndProject
Global
	GlobalSection(SolutionConfigurationPlatforms) = preSolution
		Debug|Any CPU = Debug|Any CPU
		Release|Any CPU = Release|Any CPU
	EndGlobalSection
	GlobalSection(ProjectConfigurationPlatforms) = postSolution
		{1E43E39E-1519-4666-B413-C0C7D258B173}.Debug|Any CPU.ActiveCfg = Debug|Any CPU
		{1E43E39E-1519-4666-B413-C0C7D258B173}.Debug|Any CPU.Build.0 = Debug|Any CPU
		{1E43E39E-1519-4666-B413-C0C7D258B173}.Release|Any CPU.ActiveCfg = Release|Any CPU
		{1E43E39E-1519-4666-B413-C0C7D258B173}.Release|Any CPU.Build.0 = Release|Any CPU
	EndGlobalSection
	GlobalSection(SolutionProperties) = preSolution
		HideSolutionNode = FALSE
	EndGlobalSection
	GlobalSection(ExtensibilityGlobals) = postSolution
		SolutionGuid = {0C8BCCCD-7ABB-4C2F-A1B4-01FA1457C30A}
	EndGlobalSection
EndGlobal
